lockfileVersion: '9.0'

settings:
  autoInstallPeers: true
  excludeLinksFromLockfile: false

importers:

  .:
    dependencies:
      countries-list:
        specifier: ^3.1.1
        version: 3.1.1
      papaparse:
        specifier: ^5.4.1
        version: 5.4.1

packages:

  countries-list@3.1.1:
    resolution: {integrity: sha512-nPklKJ5qtmY5MdBKw1NiBAoyx5Sa7p2yPpljZyQ7gyCN1m+eMFs9I6CT37Mxt8zvR5L3VzD3DJBE4WQzX3WF4A==}

  papaparse@5.4.1:
    resolution: {integrity: sha512-HipMsgJkZu8br23pW15uvo6sib6wne/4woLZPlFf3rpDyMe9ywEXUsuD7+6K9PRkJlVT51j/sCOYDKGGS3ZJrw==}

snapshots:

  countries-list@3.1.1: {}

  papaparse@5.4.1: {}
